// !$*UTF8*$!
{
	archiveVersion = 1;
	classes = {
	};
	objectVersion = 48;
	objects = {

/* Begin PBXBuildFile section */
		831AB55520160C8A0068C2C1 /* AppDelegate.swift in Sources */ = {isa = PBXBuildFile; fileRef = 831AB55420160C8A0068C2C1 /* AppDelegate.swift */; };
		831AB55720160C8A0068C2C1 /* ViewController.swift in Sources */ = {isa = PBXBuildFile; fileRef = 831AB55620160C8A0068C2C1 /* ViewController.swift */; };
		831AB55A20160C8A0068C2C1 /* Main.storyboard in Resources */ = {isa = PBXBuildFile; fileRef = 831AB55820160C8A0068C2C1 /* Main.storyboard */; };
		831AB55C20160C8A0068C2C1 /* Assets.xcassets in Resources */ = {isa = PBXBuildFile; fileRef = 831AB55B20160C8A0068C2C1 /* Assets.xcassets */; };
		831AB55F20160C8A0068C2C1 /* LaunchScreen.storyboard in Resources */ = {isa = PBXBuildFile; fileRef = 831AB55D20160C8A0068C2C1 /* LaunchScreen.storyboard */; };
		831AB56720160D1D0068C2C1 /* CustomNavigationController.swift in Sources */ = {isa = PBXBuildFile; fileRef = 831AB56620160D1D0068C2C1 /* CustomNavigationController.swift */; };
		831AB56920160D450068C2C1 /* FadeAnimationController.swift in Sources */ = {isa = PBXBuildFile; fileRef = 831AB56820160D450068C2C1 /* FadeAnimationController.swift */; };
		8E9952E7234B333B008BBBBC /* DetailViewController.swift in Sources */ = {isa = PBXBuildFile; fileRef = 8E9952E6234B333B008BBBBC /* DetailViewController.swift */; };
		8E9952E9234B391B008BBBBC /* DismissAnimationController.swift in Sources */ = {isa = PBXBuildFile; fileRef = 8E9952E8234B391B008BBBBC /* DismissAnimationController.swift */; };
		8E9952ED234C7777008BBBBC /* PresentAnimationController.swift in Sources */ = {isa = PBXBuildFile; fileRef = 8E9952EC234C7777008BBBBC /* PresentAnimationController.swift */; };
/* End PBXBuildFile section */

/* Begin PBXFileReference section */
		831AB55120160C8A0068C2C1 /* CustomTransitionDemo.app */ = {isa = PBXFileReference; explicitFileType = wrapper.application; includeInIndex = 0; path = CustomTransitionDemo.app; sourceTree = BUILT_PRODUCTS_DIR; };
		831AB55420160C8A0068C2C1 /* AppDelegate.swift */ = {isa = PBXFileReference; lastKnownFileType = sourcecode.swift; path = AppDelegate.swift; sourceTree = "<group>"; };
		831AB55620160C8A0068C2C1 /* ViewController.swift */ = {isa = PBXFileReference; lastKnownFileType = sourcecode.swift; path = ViewController.swift; sourceTree = "<group>"; };
		831AB55920160C8A0068C2C1 /* Base */ = {isa = PBXFileReference; lastKnownFileType = file.storyboard; name = Base; path = Base.lproj/Main.storyboard; sourceTree = "<group>"; };
		831AB55B20160C8A0068C2C1 /* Assets.xcassets */ = {isa = PBXFileReference; lastKnownFileType = folder.assetcatalog; path = Assets.xcassets; sourceTree = "<group>"; };
		831AB55E20160C8A0068C2C1 /* Base */ = {isa = PBXFileReference; lastKnownFileType = file.storyboard; name = Base; path = Base.lproj/LaunchScreen.storyboard; sourceTree = "<group>"; };
		831AB56020160C8A0068C2C1 /* Info.plist */ = {isa = PBXFileReference; lastKnownFileType = text.plist.xml; path = Info.plist; sourceTree = "<group>"; };
		831AB56620160D1D0068C2C1 /* CustomNavigationController.swift */ = {isa = PBXFileReference; lastKnownFileType = sourcecode.swift; path = CustomNavigationController.swift; sourceTree = "<group>"; };
		831AB56820160D450068C2C1 /* FadeAnimationController.swift */ = {isa = PBXFileReference; lastKnownFileType = sourcecode.swift; path = FadeAnimationController.swift; sourceTree = "<group>"; };
		8E9952E6234B333B008BBBBC /* DetailViewController.swift */ = {isa = PBXFileReference; lastKnownFileType = sourcecode.swift; path = DetailViewController.swift; sourceTree = "<group>"; };
		8E9952E8234B391B008BBBBC /* DismissAnimationController.swift */ = {isa = PBXFileReference; lastKnownFileType = sourcecode.swift; path = DismissAnimationController.swift; sourceTree = "<group>"; };
		8E9952EC234C7777008BBBBC /* PresentAnimationController.swift */ = {isa = PBXFileReference; lastKnownFileType = sourcecode.swift; path = PresentAnimationController.swift; sourceTree = "<group>"; };
/* End PBXFileReference section */

/* Begin PBXFrameworksBuildPhase section */
		831AB54E20160C8A0068C2C1 /* Frameworks */ = {
			isa = PBXFrameworksBuildPhase;
			buildActionMask = 2147483647;
			files = (
			);
			runOnlyForDeploymentPostprocessing = 0;
		};
/* End PBXFrameworksBuildPhase section */

/* Begin PBXGroup section */
		831AB54820160C8A0068C2C1 = {
			isa = PBXGroup;
			children = (
				831AB55320160C8A0068C2C1 /* CustomTransitionDemo */,
				831AB55220160C8A0068C2C1 /* Products */,
			);
			sourceTree = "<group>";
		};
		831AB55220160C8A0068C2C1 /* Products */ = {
			isa = PBXGroup;
			children = (
				831AB55120160C8A0068C2C1 /* CustomTransitionDemo.app */,
			);
			name = Products;
			sourceTree = "<group>";
		};
		831AB55320160C8A0068C2C1 /* CustomTransitionDemo */ = {
			isa = PBXGroup;
			children = (
				8E54B5762355BE53003ADE72 /* App */,
				8E54B56F2354533A003ADE72 /* AnimationTransition */,
				8E54B5722355BD85003ADE72 /* Scenes */,
				831AB56620160D1D0068C2C1 /* CustomNavigationController.swift */,
				831AB55B20160C8A0068C2C1 /* Assets.xcassets */,
				831AB55D20160C8A0068C2C1 /* LaunchScreen.storyboard */,
				831AB56020160C8A0068C2C1 /* Info.plist */,
			);
			path = CustomTransitionDemo;
			sourceTree = "<group>";
		};
		8E54B56F2354533A003ADE72 /* AnimationTransition */ = {
			isa = PBXGroup;
			children = (
				831AB56820160D450068C2C1 /* FadeAnimationController.swift */,
				8E9952E8234B391B008BBBBC /* DismissAnimationController.swift */,
				8E9952EC234C7777008BBBBC /* PresentAnimationController.swift */,
			);
			path = AnimationTransition;
			sourceTree = "<group>";
		};
		8E54B5722355BD85003ADE72 /* Scenes */ = {
			isa = PBXGroup;
			children = (
				8E54B5752355BE40003ADE72 /* Storyboard */,
				8E54B5742355BE3B003ADE72 /* Detail */,
				8E54B5732355BE36003ADE72 /* Main */,
			);
			path = Scenes;
			sourceTree = "<group>";
		};
		8E54B5732355BE36003ADE72 /* Main */ = {
			isa = PBXGroup;
			children = (
				831AB55620160C8A0068C2C1 /* ViewController.swift */,
			);
			path = Main;
			sourceTree = "<group>";
		};
		8E54B5742355BE3B003ADE72 /* Detail */ = {
			isa = PBXGroup;
			children = (
				8E9952E6234B333B008BBBBC /* DetailViewController.swift */,
			);
			path = Detail;
			sourceTree = "<group>";
		};
		8E54B5752355BE40003ADE72 /* Storyboard */ = {
			isa = PBXGroup;
			children = (
				831AB55820160C8A0068C2C1 /* Main.storyboard */,
			);
			path = Storyboard;
			sourceTree = "<group>";
		};
		8E54B5762355BE53003ADE72 /* App */ = {
			isa = PBXGroup;
			children = (
				831AB55420160C8A0068C2C1 /* AppDelegate.swift */,
			);
			path = App;
			sourceTree = "<group>";
		};
/* End PBXGroup section */

/* Begin PBXNativeTarget section */
		831AB55020160C8A0068C2C1 /* CustomTransitionDemo */ = {
			isa = PBXNativeTarget;
			buildConfigurationList = 831AB56320160C8A0068C2C1 /* Build configuration list for PBXNativeTarget "CustomTransitionDemo" */;
			buildPhases = (
				831AB54D20160C8A0068C2C1 /* Sources */,
				831AB54E20160C8A0068C2C1 /* Frameworks */,
				831AB54F20160C8A0068C2C1 /* Resources */,
			);
			buildRules = (
			);
			dependencies = (
			);
			name = CustomTransitionDemo;
			productName = CustomTransitionDemo;
			productReference = 831AB55120160C8A0068C2C1 /* CustomTransitionDemo.app */;
			productType = "com.apple.product-type.application";
		};
/* End PBXNativeTarget section */

/* Begin PBXProject section */
		831AB54920160C8A0068C2C1 /* Project object */ = {
			isa = PBXProject;
			attributes = {
				LastSwiftUpdateCheck = 0920;
				LastUpgradeCheck = 0920;
				ORGANIZATIONNAME = "Ludvig Eriksson";
				TargetAttributes = {
					831AB55020160C8A0068C2C1 = {
						CreatedOnToolsVersion = 9.2;
						ProvisioningStyle = Automatic;
					};
				};
			};
			buildConfigurationList = 831AB54C20160C8A0068C2C1 /* Build configuration list for PBXProject "CustomTransitionDemo" */;
			compatibilityVersion = "Xcode 8.0";
			developmentRegion = en;
			hasScannedForEncodings = 0;
			knownRegions = (
				en,
				Base,
			);
			mainGroup = 831AB54820160C8A0068C2C1;
			productRefGroup = 831AB55220160C8A0068C2C1 /* Products */;
			projectDirPath = "";
			projectRoot = "";
			targets = (
				831AB55020160C8A0068C2C1 /* CustomTransitionDemo */,
			);
		};
/* End PBXProject section */

/* Begin PBXResourcesBuildPhase section */
		831AB54F20160C8A0068C2C1 /* Resources */ = {
			isa = PBXResourcesBuildPhase;
			buildActionMask = 2147483647;
			files = (
				831AB55F20160C8A0068C2C1 /* LaunchScreen.storyboard in Resources */,
				831AB55C20160C8A0068C2C1 /* Assets.xcassets in Resources */,
				831AB55A20160C8A0068C2C1 /* Main.storyboard in Resources */,
			);
			runOnlyForDeploymentPostprocessing = 0;
		};
/* End PBXResourcesBuildPhase section */

/* Begin PBXSourcesBuildPhase section */
		831AB54D20160C8A0068C2C1 /* Sources */ = {
			isa = PBXSourcesBuildPhase;
			buildActionMask = 2147483647;
			files = (
				8E9952ED234C7777008BBBBC /* PresentAnimationController.swift in Sources */,
				831AB56920160D450068C2C1 /* FadeAnimationController.swift in Sources */,
				831AB56720160D1D0068C2C1 /* CustomNavigationController.swift in Sources */,
				831AB55720160C8A0068C2C1 /* ViewController.swift in Sources */,
				831AB55520160C8A0068C2C1 /* AppDelegate.swift in Sources */,
				8E9952E9234B391B008BBBBC /* DismissAnimationController.swift in Sources */,
				8E9952E7234B333B008BBBBC /* DetailViewController.swift in Sources */,
			);
			runOnlyForDeploymentPostprocessing = 0;
		};
/* End PBXSourcesBuildPhase section */

/* Begin PBXVariantGroup section */
		831AB55820160C8A0068C2C1 /* Main.storyboard */ = {
			isa = PBXVariantGroup;
			children = (
				831AB55920160C8A0068C2C1 /* Base */,
			);
			name = Main.storyboard;
			sourceTree = "<group>";
		};
		831AB55D20160C8A0068C2C1 /* LaunchScreen.storyboard */ = {
			isa = PBXVariantGroup;
			children = (
				831AB55E20160C8A0068C2C1 /* Base */,
			);
			name = LaunchScreen.storyboard;
			sourceTree = "<group>";
		};
/* End PBXVariantGroup section */

/* Begin XCBuildConfiguration section */
		831AB56120160C8A0068C2C1 /* Debug */ = {
			isa = XCBuildConfiguration;
			buildSettings = {
				ALWAYS_SEARCH_USER_PATHS = NO;
				CLANG_ANALYZER_NONNULL = YES;
				CLANG_ANALYZER_NUMBER_OBJECT_CONVERSION = YES_AGGRESSIVE;
				CLANG_CXX_LANGUAGE_STANDARD = "gnu++14";
				CLANG_CXX_LIBRARY = "libc++";
				CLANG_ENABLE_MODULES = YES;
				CLANG_ENABLE_OBJC_ARC = YES;
				CLANG_WARN_BLOCK_CAPTURE_AUTORELEASING = YES;
				CLANG_WARN_BOOL_CONVERSION = YES;
				CLANG_WARN_COMMA = YES;
				CLANG_WARN_CONSTANT_CONVERSION = YES;
				CLANG_WARN_DIRECT_OBJC_ISA_USAGE = YES_ERROR;
				CLANG_WARN_DOCUMENTATION_COMMENTS = YES;
				CLANG_WARN_EMPTY_BODY = YES;
				CLANG_WARN_ENUM_CONVERSION = YES;
				CLANG_WARN_INFINITE_RECURSION = YES;
				CLANG_WARN_INT_CONVERSION = YES;
				CLANG_WARN_NON_LITERAL_NULL_CONVERSION = YES;
				CLANG_WARN_OBJC_LITERAL_CONVERSION = YES;
				CLANG_WARN_OBJC_ROOT_CLASS = YES_ERROR;
				CLANG_WARN_RANGE_LOOP_ANALYSIS = YES;
				CLANG_WARN_STRICT_PROTOTYPES = YES;
				CLANG_WARN_SUSPICIOUS_MOVE = YES;
				CLANG_WARN_UNGUARDED_AVAILABILITY = YES_AGGRESSIVE;
				CLANG_WARN_UNREACHABLE_CODE = YES;
				CLANG_WARN__DUPLICATE_METHOD_MATCH = YES;
				CODE_SIGN_IDENTITY = "iPhone Developer";
				COPY_PHASE_STRIP = NO;
				DEBUG_INFORMATION_FORMAT = dwarf;
				ENABLE_STRICT_OBJC_MSGSEND = YES;
				ENABLE_TESTABILITY = YES;
				GCC_C_LANGUAGE_STANDARD = gnu11;
				GCC_DYNAMIC_NO_PIC = NO;
				GCC_NO_COMMON_BLOCKS = YES;
				GCC_OPTIMIZATION_LEVEL = 0;
				GCC_PREPROCESSOR_DEFINITIONS = (
					"DEBUG=1",
					"$(inherited)",
				);
				GCC_WARN_64_TO_32_BIT_CONVERSION = YES;
				GCC_WARN_ABOUT_RETURN_TYPE = YES_ERROR;
				GCC_WARN_UNDECLARED_SELECTOR = YES;
				GCC_WARN_UNINITIALIZED_AUTOS = YES_AGGRESSIVE;
				GCC_WARN_UNUSED_FUNCTION = YES;
				GCC_WARN_UNUSED_VARIABLE = YES;
				IPHONEOS_DEPLOYMENT_TARGET = 11.2;
				MTL_ENABLE_DEBUG_INFO = YES;
				ONLY_ACTIVE_ARCH = YES;
				SDKROOT = iphoneos;
				SWIFT_ACTIVE_COMPILATION_CONDITIONS = DEBUG;
				SWIFT_OPTIMIZATION_LEVEL = "-Onone";
			};
			name = Debug;
		};
		831AB56220160C8A0068C2C1 /* Release */ = {
			isa = XCBuildConfiguration;
			buildSettings = {
				ALWAYS_SEARCH_USER_PATHS = NO;
				CLANG_ANALYZER_NONNULL = YES;
				CLANG_ANALYZER_NUMBER_OBJECT_CONVERSION = YES_AGGRESSIVE;
				CLANG_CXX_LANGUAGE_STANDARD = "gnu++14";
				CLANG_CXX_LIBRARY = "libc++";
				CLANG_ENABLE_MODULES = YES;
				CLANG_ENABLE_OBJC_ARC = YES;
				CLANG_WARN_BLOCK_CAPTURE_AUTORELEASING = YES;
				CLANG_WARN_BOOL_CONVERSION = YES;
				CLANG_WARN_COMMA = YES;
				CLANG_WARN_CONSTANT_CONVERSION = YES;
				CLANG_WARN_DIRECT_OBJC_ISA_USAGE = YES_ERROR;
				CLANG_WARN_DOCUMENTATION_COMMENTS = YES;
				CLANG_WARN_EMPTY_BODY = YES;
				CLANG_WARN_ENUM_CONVERSION = YES;
				CLANG_WARN_INFINITE_RECURSION = YES;
				CLANG_WARN_INT_CONVERSION = YES;
				CLANG_WARN_NON_LITERAL_NULL_CONVERSION = YES;
				CLANG_WARN_OBJC_LITERAL_CONVERSION = YES;
				CLANG_WARN_OBJC_ROOT_CLASS = YES_ERROR;
				CLANG_WARN_RANGE_LOOP_ANALYSIS = YES;
				CLANG_WARN_STRICT_PROTOTYPES = YES;
				CLANG_WARN_SUSPICIOUS_MOVE = YES;
				CLANG_WARN_UNGUARDED_AVAILABILITY = YES_AGGRESSIVE;
				CLANG_WARN_UNREACHABLE_CODE = YES;
				CLANG_WARN__DUPLICATE_METHOD_MATCH = YES;
				CODE_SIGN_IDENTITY = "iPhone Developer";
				COPY_PHASE_STRIP = NO;
				DEBUG_INFORMATION_FORMAT = "dwarf-with-dsym";
				ENABLE_NS_ASSERTIONS = NO;
				ENABLE_STRICT_OBJC_MSGSEND = YES;
				GCC_C_LANGUAGE_STANDARD = gnu11;
				GCC_NO_COMMON_BLOCKS = YES;
				GCC_WARN_64_TO_32_BIT_CONVERSION = YES;
				GCC_WARN_ABOUT_RETURN_TYPE = YES_ERROR;
				GCC_WARN_UNDECLARED_SELECTOR = YES;
				GCC_WARN_UNINITIALIZED_AUTOS = YES_AGGRESSIVE;
				GCC_WARN_UNUSED_FUNCTION = YES;
				GCC_WARN_UNUSED_VARIABLE = YES;
				IPHONEOS_DEPLOYMENT_TARGET = 11.2;
				MTL_ENABLE_DEBUG_INFO = NO;
				SDKROOT = iphoneos;
				SWIFT_OPTIMIZATION_LEVEL = "-Owholemodule";
				VALIDATE_PRODUCT = YES;
			};
			name = Release;
		};
		831AB56420160C8A0068C2C1 /* Debug */ = {
			isa = XCBuildConfiguration;
			buildSettings = {
				ASSETCATALOG_COMPILER_APPICON_NAME = AppIcon;
				CODE_SIGN_STYLE = Automatic;
				DEVELOPMENT_TEAM = "";
				INFOPLIST_FILE = CustomTransitionDemo/Info.plist;
				LD_RUNPATH_SEARCH_PATHS = "$(inherited) @executable_path/Frameworks";
				PRODUCT_BUNDLE_IDENTIFIER = com.ludvigeriksson.CustomTransitionDemo;
				PRODUCT_NAME = "$(TARGET_NAME)";
				SWIFT_VERSION = 4.0;
				TARGETED_DEVICE_FAMILY = "1,2";
			};
			name = Debug;
		};
		831AB56520160C8A0068C2C1 /* Release */ = {
			isa = XCBuildConfiguration;
			buildSettings = {
				ASSETCATALOG_COMPILER_APPICON_NAME = AppIcon;
				CODE_SIGN_STYLE = Automatic;
				DEVELOPMENT_TEAM = "";
				INFOPLIST_FILE = CustomTransitionDemo/Info.plist;
				LD_RUNPATH_SEARCH_PATHS = "$(inherited) @executable_path/Frameworks";
				PRODUCT_BUNDLE_IDENTIFIER = com.ludvigeriksson.CustomTransitionDemo;
				PRODUCT_NAME = "$(TARGET_NAME)";
				SWIFT_VERSION = 4.0;
				TARGETED_DEVICE_FAMILY = "1,2";
			};
			name = Release;
		};
/* End XCBuildConfiguration section */

/* Begin XCConfigurationList section */
		831AB54C20160C8A0068C2C1 /* Build configuration list for PBXProject "CustomTransitionDemo" */ = {
			isa = XCConfigurationList;
			buildConfigurations = (
				831AB56120160C8A0068C2C1 /* Debug */,
				831AB56220160C8A0068C2C1 /* Release */,
			);
			defaultConfigurationIsVisible = 0;
			defaultConfigurationName = Release;
		};
		831AB56320160C8A0068C2C1 /* Build configuration list for PBXNativeTarget "CustomTransitionDemo" */ = {
			isa = XCConfigurationList;
			buildConfigurations = (
				831AB56420160C8A0068C2C1 /* Debug */,
				831AB56520160C8A0068C2C1 /* Release */,
			);
			defaultConfigurationIsVisible = 0;
			defaultConfigurationName = Release;
		};
/* End XCConfigurationList section */
	};
	rootObject = 831AB54920160C8A0068C2C1 /* Project object */;
}
